
Microsoft Visual Studio Solution File, Format Version 12.00
# Visual Studio Version 17
VisualStudioVersion = 17.5.002.0
MinimumVisualStudioVersion = 10.0.40219.1
Project("{9A19103F-16F7-4668-BE54-9A1E7A4F7556}") = "simple-arithmetic-Jacob-Carrell-Student", "simple-arithmetic-Jacob-Carrell-Student.csproj", "{45421BD6-517C-4D0C-940E-F81FDBD89E90}"
EndProject
Global
	GlobalSection(SolutionConfigurationPlatforms) = preSolution
		Debug|Any CPU = Debug|Any CPU
		Release|Any CPU = Release|Any CPU
	EndGlobalSection
	GlobalSection(ProjectConfigurationPlatforms) = postSolution
		{45421BD6-517C-4D0C-940E-F81FDBD89E90}.Debug|Any CPU.ActiveCfg = Debug|Any CPU
		{45421BD6-517C-4D0C-940E-F81FDBD89E90}.Debug|Any CPU.Build.0 = Debug|Any CPU
		{45421BD6-517C-4D0C-940E-F81FDBD89E90}.Release|Any CPU.ActiveCfg = Release|Any CPU
		{45421BD6-517C-4D0C-940E-F81FDBD89E90}.Release|Any CPU.Build.0 = Release|Any CPU
	EndGlobalSection
	GlobalSection(SolutionProperties) = preSolution
		HideSolutionNode = FALSE
	EndGlobalSection
	GlobalSection(ExtensibilityGlobals) = postSolution
		SolutionGuid = {F682E236-D39A-497B-B851-8F0DDA0E84BF}
	EndGlobalSection
EndGlobal
